# THIS IS AN AUTOGENERATED FILE. DO NOT EDIT THIS FILE DIRECTLY.
# yarn lockfile v1


"@playwright/test@1.58.1":
  version "1.58.1"
  resolved "https://registry.yarnpkg.com/@playwright/test/-/test-1.58.1.tgz#891dcd1da815cb1042490531f6d8778988509d22"
  integrity sha512-6LdVIUERWxQMmUSSQi0I53GgCBYgM2RpGngCPY7hSeju+VrKjq3lvs7HpJoPbDiY5QM5EYRtRX5fvrinnMAz3w==
  dependencies:
    playwright "1.58.1"

fsevents@2.3.2:
  version "2.3.2"
  resolved "https://registry.yarnpkg.com/fsevents/-/fsevents-2.3.2.tgz#8a526f78b8fdf4623b709e0b975c52c24c02fd1a"
  integrity sha512-xiqMQR4xAeHTuB9uWm+fFRcIOgKBMiOBP+eXiyT7jsgVCq1bkVygt00oASowB7EdtpOHaaPgKt812P9ab+DDKA==

playwright-core@1.58.1:
  version "1.58.1"
  resolved "https://registry.yarnpkg.com/playwright-core/-/playwright-core-1.58.1.tgz#d63be2c9b7dcbdb035beddd4b42437bd3ca89107"
  integrity sha512-bcWzOaTxcW+VOOGBCQgnaKToLJ65d6AqfLVKEWvexyS3AS6rbXl+xdpYRMGSRBClPvyj44njOWoxjNdL/H9UNg==

playwright@1.58.1:
  version "1.58.1"
  resolved "https://registry.yarnpkg.com/playwright/-/playwright-1.58.1.tgz#63300e77a604c77264e1b499c0d94b54ed96d6ba"
  integrity sha512-+2uTZHxSCcxjvGc5C891LrS1/NlxglGxzrC4seZiVjcYVQfUa87wBL6rTDqzGjuoWNjnBzRqKmF6zRYGMvQUaQ==
  dependencies:
    playwright-core "1.58.1"
  optionalDependencies:
    fsevents "2.3.2"
