# THIS IS AN AUTOGENERATED FILE. DO NOT EDIT THIS FILE DIRECTLY.
# yarn lockfile v1


"@playwright/test@^1.36.2":
  version "1.58.0"
  resolved "https://registry.yarnpkg.com/@playwright/test/-/test-1.58.0.tgz#7e768ebaadd4db5531fee812d876a0641f4fa10a"
  integrity sha512-fWza+Lpbj6SkQKCrU6si4iu+fD2dD3gxNHFhUPxsfXBPhnv3rRSQVd0NtBUT9Z/RhF/boCBcuUaMUSTRTopjZg==
  dependencies:
    playwright "1.58.0"

fsevents@2.3.2:
  version "2.3.2"
  resolved "https://registry.yarnpkg.com/fsevents/-/fsevents-2.3.2.tgz#8a526f78b8fdf4623b709e0b975c52c24c02fd1a"
  integrity sha512-xiqMQR4xAeHTuB9uWm+fFRcIOgKBMiOBP+eXiyT7jsgVCq1bkVygt00oASowB7EdtpOHaaPgKt812P9ab+DDKA==

playwright-core@1.58.0:
  version "1.58.0"
  resolved "https://registry.yarnpkg.com/playwright-core/-/playwright-core-1.58.0.tgz#f0c74217837e5dda1ecfae78e214fe97112c1f97"
  integrity sha512-aaoB1RWrdNi3//rOeKuMiS65UCcgOVljU46At6eFcOFPFHWtd2weHRRow6z/n+Lec0Lvu0k9ZPKJSjPugikirw==

playwright@1.58.0:
  version "1.58.0"
  resolved "https://registry.yarnpkg.com/playwright/-/playwright-1.58.0.tgz#f0a0d9b6b93d153338951ac7fb9dd8d0ea256e53"
  integrity sha512-2SVA0sbPktiIY/MCOPX8e86ehA/e+tDNq+e5Y8qjKYti2Z/JG7xnronT/TXTIkKbYGWlCbuucZ6dziEgkoEjQQ==
  dependencies:
    playwright-core "1.58.0"
  optionalDependencies:
    fsevents "2.3.2"
